
Microsoft Visual Studio Solution File, Format Version 12.00
# Visual Studio 15
Project("{FAE04EC0-301F-11D3-BF4B-00C04F79EFBC}") = "Binary_Search", "Binary_Search\Binary_Search.csproj", "{C9AB8613-42C8-4CBB-A670-2B408B5D4A71}"
EndProject
Project("{FAE04EC0-301F-11D3-BF4B-00C04F79EFBC}") = "Selection_Sort", "Selection_Sort\Selection_Sort.csproj", "{4B13C2FD-01BD-4D08-9B08-0265D6915151}"
EndProject
Project("{FAE04EC0-301F-11D3-BF4B-00C04F79EFBC}") = "Bubble_Sort", "Bubble_Sort\Bubble_Sort.csproj", "{542D16E3-CDEA-4379-9711-356F1DFD0029}"
EndProject
Project("{FAE04EC0-301F-11D3-BF4B-00C04F79EFBC}") = "Cocktail_Sort", "Cocktail_Sort\Cocktail_Sort.csproj", "{ADB3F897-94AC-46F6-AD07-1B1075806DCD}"
EndProject
Global
	GlobalSection(SolutionConfigurationPlatforms) = preSolution
		Debug|Any CPU = Debug|Any CPU
		Release|Any CPU = Release|Any CPU
	EndGlobalSection
	GlobalSection(ProjectConfigurationPlatforms) = postSolution
		{C9AB8613-42C8-4CBB-A670-2B408B5D4A71}.Debug|Any CPU.ActiveCfg = Debug|Any CPU
		{C9AB8613-42C8-4CBB-A670-2B408B5D4A71}.Debug|Any CPU.Build.0 = Debug|Any CPU
		{C9AB8613-42C8-4CBB-A670-2B408B5D4A71}.Release|Any CPU.ActiveCfg = Release|Any CPU
		{C9AB8613-42C8-4CBB-A670-2B408B5D4A71}.Release|Any CPU.Build.0 = Release|Any CPU
		{4B13C2FD-01BD-4D08-9B08-0265D6915151}.Debug|Any CPU.ActiveCfg = Debug|Any CPU
		{4B13C2FD-01BD-4D08-9B08-0265D6915151}.Debug|Any CPU.Build.0 = Debug|Any CPU
		{4B13C2FD-01BD-4D08-9B08-0265D6915151}.Release|Any CPU.ActiveCfg = Release|Any CPU
		{4B13C2FD-01BD-4D08-9B08-0265D6915151}.Release|Any CPU.Build.0 = Release|Any CPU
		{542D16E3-CDEA-4379-9711-356F1DFD0029}.Debug|Any CPU.ActiveCfg = Debug|Any CPU
		{542D16E3-CDEA-4379-9711-356F1DFD0029}.Debug|Any CPU.Build.0 = Debug|Any CPU
		{542D16E3-CDEA-4379-9711-356F1DFD0029}.Release|Any CPU.ActiveCfg = Release|Any CPU
		{542D16E3-CDEA-4379-9711-356F1DFD0029}.Release|Any CPU.Build.0 = Release|Any CPU
		{ADB3F897-94AC-46F6-AD07-1B1075806DCD}.Debug|Any CPU.ActiveCfg = Debug|Any CPU
		{ADB3F897-94AC-46F6-AD07-1B1075806DCD}.Debug|Any CPU.Build.0 = Debug|Any CPU
		{ADB3F897-94AC-46F6-AD07-1B1075806DCD}.Release|Any CPU.ActiveCfg = Release|Any CPU
		{ADB3F897-94AC-46F6-AD07-1B1075806DCD}.Release|Any CPU.Build.0 = Release|Any CPU
	EndGlobalSection
EndGlobal
